// !$*UTF8*$!
{
	archiveVersion = 1;
	classes = {
	};
	objectVersion = 50;
	objects = {

/* Begin PBXBuildFile section */
		1149C73E237B612600401FC6 /* Column.swift in Sources */ = {isa = PBXBuildFile; fileRef = 1149C73D237B612600401FC6 /* Column.swift */; };
		115093022375793C0077652D /* AppDelegate.swift in Sources */ = {isa = PBXBuildFile; fileRef = 115093012375793C0077652D /* AppDelegate.swift */; };
		115093092375793F0077652D /* Assets.xcassets in Resources */ = {isa = PBXBuildFile; fileRef = 115093082375793F0077652D /* Assets.xcassets */; };
		1150930C2375793F0077652D /* LaunchScreen.storyboard in Resources */ = {isa = PBXBuildFile; fileRef = 1150930A2375793F0077652D /* LaunchScreen.storyboard */; };
		11509314237579C30077652D /* WelcomeViewController.swift in Sources */ = {isa = PBXBuildFile; fileRef = 11509313237579C30077652D /* WelcomeViewController.swift */; };
		1150931B237580940077652D /* RegistrationViewController.swift in Sources */ = {isa = PBXBuildFile; fileRef = 1150931A237580940077652D /* RegistrationViewController.swift */; };
		1150931D237582830077652D /* Extensions.swift in Sources */ = {isa = PBXBuildFile; fileRef = 1150931C237582830077652D /* Extensions.swift */; };
		115093212375889B0077652D /* SignInViewController.swift in Sources */ = {isa = PBXBuildFile; fileRef = 115093202375889A0077652D /* SignInViewController.swift */; };
		1150932323758AE90077652D /* SignUpViewController.swift in Sources */ = {isa = PBXBuildFile; fileRef = 1150932223758AE90077652D /* SignUpViewController.swift */; };
		11509325237590150077652D /* BaseTabBarController.swift in Sources */ = {isa = PBXBuildFile; fileRef = 11509324237590150077652D /* BaseTabBarController.swift */; };
		11509327237590820077652D /* CardsCollectionViewController.swift in Sources */ = {isa = PBXBuildFile; fileRef = 11509326237590820077652D /* CardsCollectionViewController.swift */; };
		11509329237590B60077652D /* NotesViewController.swift in Sources */ = {isa = PBXBuildFile; fileRef = 11509328237590B60077652D /* NotesViewController.swift */; };
		1150932B237590F60077652D /* SettingsViewController.swift in Sources */ = {isa = PBXBuildFile; fileRef = 1150932A237590F60077652D /* SettingsViewController.swift */; };
		1150932D23759C4B0077652D /* AddItemViewController.swift in Sources */ = {isa = PBXBuildFile; fileRef = 1150932C23759C4B0077652D /* AddItemViewController.swift */; };
		1150933823771FEB0077652D /* RootViewController.swift in Sources */ = {isa = PBXBuildFile; fileRef = 1150933723771FEB0077652D /* RootViewController.swift */; };
		116BE087237EA1CA00E6909D /* NetworkManager.swift in Sources */ = {isa = PBXBuildFile; fileRef = 116BE086237EA1CA00E6909D /* NetworkManager.swift */; };
		116BE090237F115C00E6909D /* TrelloModels.swift in Sources */ = {isa = PBXBuildFile; fileRef = 116BE08F237F115C00E6909D /* TrelloModels.swift */; };
		E663D47723789F100073ADC2 /* NotesViewCell.swift in Sources */ = {isa = PBXBuildFile; fileRef = E663D47623789F100073ADC2 /* NotesViewCell.swift */; };
		E663D4792378BEB60073ADC2 /* NotesViewCellController.swift in Sources */ = {isa = PBXBuildFile; fileRef = E663D4782378BEB60073ADC2 /* NotesViewCellController.swift */; };
		E663D485237AC7C00073ADC2 /* ListCollectionViewCell.swift in Sources */ = {isa = PBXBuildFile; fileRef = E663D484237AC7C00073ADC2 /* ListCollectionViewCell.swift */; };
		E663D487237AC7D70073ADC2 /* CardCollectionViewCell.swift in Sources */ = {isa = PBXBuildFile; fileRef = E663D486237AC7D70073ADC2 /* CardCollectionViewCell.swift */; };
		E663D489237AC7E90073ADC2 /* BetterSnappingLayout.swift in Sources */ = {isa = PBXBuildFile; fileRef = E663D488237AC7E90073ADC2 /* BetterSnappingLayout.swift */; };
		E663D48B237AC7FE0073ADC2 /* ListsViewController.swift in Sources */ = {isa = PBXBuildFile; fileRef = E663D48A237AC7FE0073ADC2 /* ListsViewController.swift */; };
		E6DC5A1A238C243B0060CFD2 /* UINote.swift in Sources */ = {isa = PBXBuildFile; fileRef = E6DC5A19238C243B0060CFD2 /* UINote.swift */; };
		E6DC5A1C238C245A0060CFD2 /* Note.swift in Sources */ = {isa = PBXBuildFile; fileRef = E6DC5A1B238C245A0060CFD2 /* Note.swift */; };
		E6DC5A1E238C24B70060CFD2 /* Firebase.swift in Sources */ = {isa = PBXBuildFile; fileRef = E6DC5A1D238C24B70060CFD2 /* Firebase.swift */; };
		E6DC5A20238C24CC0060CFD2 /* NetFetcher.swift in Sources */ = {isa = PBXBuildFile; fileRef = E6DC5A1F238C24CC0060CFD2 /* NetFetcher.swift */; };
		E6DC5A22238C24E00060CFD2 /* NetSaver.swift in Sources */ = {isa = PBXBuildFile; fileRef = E6DC5A21238C24E00060CFD2 /* NetSaver.swift */; };
/* End PBXBuildFile section */

/* Begin PBXFileReference section */
		1149C73D237B612600401FC6 /* Column.swift */ = {isa = PBXFileReference; lastKnownFileType = sourcecode.swift; path = Column.swift; sourceTree = "<group>"; };
		115092FE2375793C0077652D /* TrelloMockup.app */ = {isa = PBXFileReference; explicitFileType = wrapper.application; includeInIndex = 0; path = TrelloMockup.app; sourceTree = BUILT_PRODUCTS_DIR; };
		115093012375793C0077652D /* AppDelegate.swift */ = {isa = PBXFileReference; lastKnownFileType = sourcecode.swift; path = AppDelegate.swift; sourceTree = "<group>"; };
		115093082375793F0077652D /* Assets.xcassets */ = {isa = PBXFileReference; lastKnownFileType = folder.assetcatalog; path = Assets.xcassets; sourceTree = "<group>"; };
		1150930B2375793F0077652D /* Base */ = {isa = PBXFileReference; lastKnownFileType = file.storyboard; name = Base; path = Base.lproj/LaunchScreen.storyboard; sourceTree = "<group>"; };
		1150930D2375793F0077652D /* Info.plist */ = {isa = PBXFileReference; lastKnownFileType = text.plist.xml; path = Info.plist; sourceTree = "<group>"; };
		11509313237579C30077652D /* WelcomeViewController.swift */ = {isa = PBXFileReference; lastKnownFileType = sourcecode.swift; path = WelcomeViewController.swift; sourceTree = "<group>"; };
		1150931A237580940077652D /* RegistrationViewController.swift */ = {isa = PBXFileReference; lastKnownFileType = sourcecode.swift; path = RegistrationViewController.swift; sourceTree = "<group>"; };
		1150931C237582830077652D /* Extensions.swift */ = {isa = PBXFileReference; lastKnownFileType = sourcecode.swift; path = Extensions.swift; sourceTree = "<group>"; };
		115093202375889A0077652D /* SignInViewController.swift */ = {isa = PBXFileReference; lastKnownFileType = sourcecode.swift; path = SignInViewController.swift; sourceTree = "<group>"; };
		1150932223758AE90077652D /* SignUpViewController.swift */ = {isa = PBXFileReference; lastKnownFileType = sourcecode.swift; path = SignUpViewController.swift; sourceTree = "<group>"; };
		11509324237590150077652D /* BaseTabBarController.swift */ = {isa = PBXFileReference; lastKnownFileType = sourcecode.swift; path = BaseTabBarController.swift; sourceTree = "<group>"; };
		11509326237590820077652D /* CardsCollectionViewController.swift */ = {isa = PBXFileReference; lastKnownFileType = sourcecode.swift; path = CardsCollectionViewController.swift; sourceTree = "<group>"; };
		11509328237590B60077652D /* NotesViewController.swift */ = {isa = PBXFileReference; lastKnownFileType = sourcecode.swift; path = NotesViewController.swift; sourceTree = "<group>"; };
		1150932A237590F60077652D /* SettingsViewController.swift */ = {isa = PBXFileReference; lastKnownFileType = sourcecode.swift; path = SettingsViewController.swift; sourceTree = "<group>"; };
		1150932C23759C4B0077652D /* AddItemViewController.swift */ = {isa = PBXFileReference; lastKnownFileType = sourcecode.swift; path = AddItemViewController.swift; sourceTree = "<group>"; };
		1150933723771FEB0077652D /* RootViewController.swift */ = {isa = PBXFileReference; lastKnownFileType = sourcecode.swift; path = RootViewController.swift; sourceTree = "<group>"; };
		116BE086237EA1CA00E6909D /* NetworkManager.swift */ = {isa = PBXFileReference; lastKnownFileType = sourcecode.swift; path = NetworkManager.swift; sourceTree = "<group>"; };
		116BE08F237F115C00E6909D /* TrelloModels.swift */ = {isa = PBXFileReference; lastKnownFileType = sourcecode.swift; path = TrelloModels.swift; sourceTree = "<group>"; };
		E663D47623789F100073ADC2 /* NotesViewCell.swift */ = {isa = PBXFileReference; lastKnownFileType = sourcecode.swift; path = NotesViewCell.swift; sourceTree = "<group>"; };
		E663D4782378BEB60073ADC2 /* NotesViewCellController.swift */ = {isa = PBXFileReference; lastKnownFileType = sourcecode.swift; path = NotesViewCellController.swift; sourceTree = "<group>"; };
		E663D484237AC7C00073ADC2 /* ListCollectionViewCell.swift */ = {isa = PBXFileReference; lastKnownFileType = sourcecode.swift; path = ListCollectionViewCell.swift; sourceTree = "<group>"; };
		E663D486237AC7D70073ADC2 /* CardCollectionViewCell.swift */ = {isa = PBXFileReference; lastKnownFileType = sourcecode.swift; path = CardCollectionViewCell.swift; sourceTree = "<group>"; };
		E663D488237AC7E90073ADC2 /* BetterSnappingLayout.swift */ = {isa = PBXFileReference; lastKnownFileType = sourcecode.swift; path = BetterSnappingLayout.swift; sourceTree = "<group>"; };
		E663D48A237AC7FE0073ADC2 /* ListsViewController.swift */ = {isa = PBXFileReference; lastKnownFileType = sourcecode.swift; path = ListsViewController.swift; sourceTree = "<group>"; };
		E6DC5A19238C243B0060CFD2 /* UINote.swift */ = {isa = PBXFileReference; lastKnownFileType = sourcecode.swift; path = UINote.swift; sourceTree = "<group>"; };
		E6DC5A1B238C245A0060CFD2 /* Note.swift */ = {isa = PBXFileReference; lastKnownFileType = sourcecode.swift; path = Note.swift; sourceTree = "<group>"; };
		E6DC5A1D238C24B70060CFD2 /* Firebase.swift */ = {isa = PBXFileReference; lastKnownFileType = sourcecode.swift; path = Firebase.swift; sourceTree = "<group>"; };
		E6DC5A1F238C24CC0060CFD2 /* NetFetcher.swift */ = {isa = PBXFileReference; lastKnownFileType = sourcecode.swift; path = NetFetcher.swift; sourceTree = "<group>"; };
		E6DC5A21238C24E00060CFD2 /* NetSaver.swift */ = {isa = PBXFileReference; lastKnownFileType = sourcecode.swift; path = NetSaver.swift; sourceTree = "<group>"; };
/* End PBXFileReference section */

/* Begin PBXFrameworksBuildPhase section */
		115092FB2375793C0077652D /* Frameworks */ = {
			isa = PBXFrameworksBuildPhase;
			buildActionMask = 2147483647;
			files = (
			);
			runOnlyForDeploymentPostprocessing = 0;
		};
/* End PBXFrameworksBuildPhase section */

/* Begin PBXGroup section */
		1149C73C237B0A4D00401FC6 /* Views */ = {
			isa = PBXGroup;
			children = (
				E663D484237AC7C00073ADC2 /* ListCollectionViewCell.swift */,
				E663D486237AC7D70073ADC2 /* CardCollectionViewCell.swift */,
				E663D47623789F100073ADC2 /* NotesViewCell.swift */,
			);
			path = Views;
			sourceTree = "<group>";
		};
		1149C73F237B612E00401FC6 /* Model */ = {
			isa = PBXGroup;
			children = (
				1149C73D237B612600401FC6 /* Column.swift */,
				116BE08F237F115C00E6909D /* TrelloModels.swift */,
				E6DC5A19238C243B0060CFD2 /* UINote.swift */,
				E6DC5A1B238C245A0060CFD2 /* Note.swift */,
			);
			path = Model;
			sourceTree = "<group>";
		};
		115092F52375793C0077652D = {
			isa = PBXGroup;
			children = (
				115093002375793C0077652D /* TrelloMockup */,
				115092FF2375793C0077652D /* Products */,
			);
			sourceTree = "<group>";
		};
		115092FF2375793C0077652D /* Products */ = {
			isa = PBXGroup;
			children = (
				115092FE2375793C0077652D /* TrelloMockup.app */,
			);
			name = Products;
			sourceTree = "<group>";
		};
		115093002375793C0077652D /* TrelloMockup */ = {
			isa = PBXGroup;
			children = (
				116BE088237EA1CE00E6909D /* Network */,
				1149C73F237B612E00401FC6 /* Model */,
				1150931923757FF20077652D /* Helpers */,
				1149C73C237B0A4D00401FC6 /* Views */,
				11509315237579D50077652D /* Controllers */,
				11509316237579DA0077652D /* Supporting Files */,
				1150930D2375793F0077652D /* Info.plist */,
			);
			path = TrelloMockup;
			sourceTree = "<group>";
		};
		11509315237579D50077652D /* Controllers */ = {
			isa = PBXGroup;
			children = (
				1150933723771FEB0077652D /* RootViewController.swift */,
				11509313237579C30077652D /* WelcomeViewController.swift */,
				1150932E2375A5920077652D /* RegistrationControllers */,
				1150932F2375A5A10077652D /* TabBarControllers */,
			);
			path = Controllers;
			sourceTree = "<group>";
		};
		11509316237579DA0077652D /* Supporting Files */ = {
			isa = PBXGroup;
			children = (
				115093012375793C0077652D /* AppDelegate.swift */,
				115093082375793F0077652D /* Assets.xcassets */,
				1150930A2375793F0077652D /* LaunchScreen.storyboard */,
			);
			path = "Supporting Files";
			sourceTree = "<group>";
		};
		1150931923757FF20077652D /* Helpers */ = {
			isa = PBXGroup;
			children = (
				1150931C237582830077652D /* Extensions.swift */,
				E663D488237AC7E90073ADC2 /* BetterSnappingLayout.swift */,
			);
			path = Helpers;
			sourceTree = "<group>";
		};
		1150932E2375A5920077652D /* RegistrationControllers */ = {
			isa = PBXGroup;
			children = (
				1150931A237580940077652D /* RegistrationViewController.swift */,
				115093202375889A0077652D /* SignInViewController.swift */,
				1150932223758AE90077652D /* SignUpViewController.swift */,
			);
			path = RegistrationControllers;
			sourceTree = "<group>";
		};
		1150932F2375A5A10077652D /* TabBarControllers */ = {
			isa = PBXGroup;
			children = (
				11509324237590150077652D /* BaseTabBarController.swift */,
				115093302375A5F50077652D /* Tasks */,
				115093312375A5FE0077652D /* Notes */,
				115093322375A60A0077652D /* Settings */,
			);
			path = TabBarControllers;
			sourceTree = "<group>";
		};
		115093302375A5F50077652D /* Tasks */ = {
			isa = PBXGroup;
			children = (
				E663D48A237AC7FE0073ADC2 /* ListsViewController.swift */,
				11509326237590820077652D /* CardsCollectionViewController.swift */,
			);
			path = Tasks;
			sourceTree = "<group>";
		};
		115093312375A5FE0077652D /* Notes */ = {
			isa = PBXGroup;
			children = (
				11509328237590B60077652D /* NotesViewController.swift */,
				1150932C23759C4B0077652D /* AddItemViewController.swift */,
				E663D4782378BEB60073ADC2 /* NotesViewCellController.swift */,
			);
			path = Notes;
			sourceTree = "<group>";
		};
		115093322375A60A0077652D /* Settings */ = {
			isa = PBXGroup;
			children = (
				1150932A237590F60077652D /* SettingsViewController.swift */,
			);
			path = Settings;
			sourceTree = "<group>";
		};
		116BE088237EA1CE00E6909D /* Network */ = {
			isa = PBXGroup;
			children = (
				116BE086237EA1CA00E6909D /* NetworkManager.swift */,
				E6DC5A1D238C24B70060CFD2 /* Firebase.swift */,
				E6DC5A1F238C24CC0060CFD2 /* NetFetcher.swift */,
				E6DC5A21238C24E00060CFD2 /* NetSaver.swift */,
			);
			path = Network;
			sourceTree = "<group>";
		};
/* End PBXGroup section */

/* Begin PBXNativeTarget section */
		115092FD2375793C0077652D /* TrelloMockup */ = {
			isa = PBXNativeTarget;
			buildConfigurationList = 115093102375793F0077652D /* Build configuration list for PBXNativeTarget "TrelloMockup" */;
			buildPhases = (
				115092FA2375793C0077652D /* Sources */,
				115092FB2375793C0077652D /* Frameworks */,
				115092FC2375793C0077652D /* Resources */,
			);
			buildRules = (
			);
			dependencies = (
			);
			name = TrelloMockup;
			productName = TrelloMockup;
			productReference = 115092FE2375793C0077652D /* TrelloMockup.app */;
			productType = "com.apple.product-type.application";
		};
/* End PBXNativeTarget section */

/* Begin PBXProject section */
		115092F62375793C0077652D /* Project object */ = {
			isa = PBXProject;
			attributes = {
				LastSwiftUpdateCheck = 1030;
				LastUpgradeCheck = 1030;
				ORGANIZATIONNAME = Alexander;
				TargetAttributes = {
					115092FD2375793C0077652D = {
						CreatedOnToolsVersion = 10.3;
					};
				};
			};
			buildConfigurationList = 115092F92375793C0077652D /* Build configuration list for PBXProject "TrelloMockup" */;
			compatibilityVersion = "Xcode 9.3";
			developmentRegion = en;
			hasScannedForEncodings = 0;
			knownRegions = (
				en,
				Base,
			);
			mainGroup = 115092F52375793C0077652D;
			productRefGroup = 115092FF2375793C0077652D /* Products */;
			projectDirPath = "";
			projectRoot = "";
			targets = (
				115092FD2375793C0077652D /* TrelloMockup */,
			);
		};
/* End PBXProject section */

/* Begin PBXResourcesBuildPhase section */
		115092FC2375793C0077652D /* Resources */ = {
			isa = PBXResourcesBuildPhase;
			buildActionMask = 2147483647;
			files = (
				1150930C2375793F0077652D /* LaunchScreen.storyboard in Resources */,
				115093092375793F0077652D /* Assets.xcassets in Resources */,
			);
			runOnlyForDeploymentPostprocessing = 0;
		};
/* End PBXResourcesBuildPhase section */

/* Begin PBXSourcesBuildPhase section */
		115092FA2375793C0077652D /* Sources */ = {
			isa = PBXSourcesBuildPhase;
			buildActionMask = 2147483647;
			files = (
				E663D485237AC7C00073ADC2 /* ListCollectionViewCell.swift in Sources */,
				116BE090237F115C00E6909D /* TrelloModels.swift in Sources */,
				E6DC5A1C238C245A0060CFD2 /* Note.swift in Sources */,
				11509325237590150077652D /* BaseTabBarController.swift in Sources */,
				E6DC5A1A238C243B0060CFD2 /* UINote.swift in Sources */,
				1150931D237582830077652D /* Extensions.swift in Sources */,
				E663D489237AC7E90073ADC2 /* BetterSnappingLayout.swift in Sources */,
				1150933823771FEB0077652D /* RootViewController.swift in Sources */,
				1150932B237590F60077652D /* SettingsViewController.swift in Sources */,
				E663D487237AC7D70073ADC2 /* CardCollectionViewCell.swift in Sources */,
				1150932323758AE90077652D /* SignUpViewController.swift in Sources */,
				115093022375793C0077652D /* AppDelegate.swift in Sources */,
				11509314237579C30077652D /* WelcomeViewController.swift in Sources */,
				E6DC5A20238C24CC0060CFD2 /* NetFetcher.swift in Sources */,
				1150931B237580940077652D /* RegistrationViewController.swift in Sources */,
				E663D4792378BEB60073ADC2 /* NotesViewCellController.swift in Sources */,
				116BE087237EA1CA00E6909D /* NetworkManager.swift in Sources */,
				E663D48B237AC7FE0073ADC2 /* ListsViewController.swift in Sources */,
				11509329237590B60077652D /* NotesViewController.swift in Sources */,
				E6DC5A1E238C24B70060CFD2 /* Firebase.swift in Sources */,
				1150932D23759C4B0077652D /* AddItemViewController.swift in Sources */,
				E6DC5A22238C24E00060CFD2 /* NetSaver.swift in Sources */,
				1149C73E237B612600401FC6 /* Column.swift in Sources */,
				115093212375889B0077652D /* SignInViewController.swift in Sources */,
				11509327237590820077652D /* CardsCollectionViewController.swift in Sources */,
				E663D47723789F100073ADC2 /* NotesViewCell.swift in Sources */,
			);
			runOnlyForDeploymentPostprocessing = 0;
		};
/* End PBXSourcesBuildPhase section */

/* Begin PBXVariantGroup section */
		1150930A2375793F0077652D /* LaunchScreen.storyboard */ = {
			isa = PBXVariantGroup;
			children = (
				1150930B2375793F0077652D /* Base */,
			);
			name = LaunchScreen.storyboard;
			sourceTree = "<group>";
		};
/* End PBXVariantGroup section */

/* Begin XCBuildConfiguration section */
		1150930E2375793F0077652D /* Debug */ = {
			isa = XCBuildConfiguration;
			buildSettings = {
				ALWAYS_SEARCH_USER_PATHS = NO;
				CLANG_ANALYZER_NONNULL = YES;
				CLANG_ANALYZER_NUMBER_OBJECT_CONVERSION = YES_AGGRESSIVE;
				CLANG_CXX_LANGUAGE_STANDARD = "gnu++14";
				CLANG_CXX_LIBRARY = "libc++";
				CLANG_ENABLE_MODULES = YES;
				CLANG_ENABLE_OBJC_ARC = YES;
				CLANG_ENABLE_OBJC_WEAK = YES;
				CLANG_WARN_BLOCK_CAPTURE_AUTORELEASING = YES;
				CLANG_WARN_BOOL_CONVERSION = YES;
				CLANG_WARN_COMMA = YES;
				CLANG_WARN_CONSTANT_CONVERSION = YES;
				CLANG_WARN_DEPRECATED_OBJC_IMPLEMENTATIONS = YES;
				CLANG_WARN_DIRECT_OBJC_ISA_USAGE = YES_ERROR;
				CLANG_WARN_DOCUMENTATION_COMMENTS = YES;
				CLANG_WARN_EMPTY_BODY = YES;
				CLANG_WARN_ENUM_CONVERSION = YES;
				CLANG_WARN_INFINITE_RECURSION = YES;
				CLANG_WARN_INT_CONVERSION = YES;
				CLANG_WARN_NON_LITERAL_NULL_CONVERSION = YES;
				CLANG_WARN_OBJC_IMPLICIT_RETAIN_SELF = YES;
				CLANG_WARN_OBJC_LITERAL_CONVERSION = YES;
				CLANG_WARN_OBJC_ROOT_CLASS = YES_ERROR;
				CLANG_WARN_RANGE_LOOP_ANALYSIS = YES;
				CLANG_WARN_STRICT_PROTOTYPES = YES;
				CLANG_WARN_SUSPICIOUS_MOVE = YES;
				CLANG_WARN_UNGUARDED_AVAILABILITY = YES_AGGRESSIVE;
				CLANG_WARN_UNREACHABLE_CODE = YES;
				CLANG_WARN__DUPLICATE_METHOD_MATCH = YES;
				CODE_SIGN_IDENTITY = "iPhone Developer";
				COPY_PHASE_STRIP = NO;
				DEBUG_INFORMATION_FORMAT = dwarf;
				ENABLE_STRICT_OBJC_MSGSEND = YES;
				ENABLE_TESTABILITY = YES;
				GCC_C_LANGUAGE_STANDARD = gnu11;
				GCC_DYNAMIC_NO_PIC = NO;
				GCC_NO_COMMON_BLOCKS = YES;
				GCC_OPTIMIZATION_LEVEL = 0;
				GCC_PREPROCESSOR_DEFINITIONS = (
					"DEBUG=1",
					"$(inherited)",
				);
				GCC_WARN_64_TO_32_BIT_CONVERSION = YES;
				GCC_WARN_ABOUT_RETURN_TYPE = YES_ERROR;
				GCC_WARN_UNDECLARED_SELECTOR = YES;
				GCC_WARN_UNINITIALIZED_AUTOS = YES_AGGRESSIVE;
				GCC_WARN_UNUSED_FUNCTION = YES;
				GCC_WARN_UNUSED_VARIABLE = YES;
				IPHONEOS_DEPLOYMENT_TARGET = 12.4;
				MTL_ENABLE_DEBUG_INFO = INCLUDE_SOURCE;
				MTL_FAST_MATH = YES;
				ONLY_ACTIVE_ARCH = YES;
				SDKROOT = iphoneos;
				SWIFT_ACTIVE_COMPILATION_CONDITIONS = DEBUG;
				SWIFT_OPTIMIZATION_LEVEL = "-Onone";
			};
			name = Debug;
		};
		1150930F2375793F0077652D /* Release */ = {
			isa = XCBuildConfiguration;
			buildSettings = {
				ALWAYS_SEARCH_USER_PATHS = NO;
				CLANG_ANALYZER_NONNULL = YES;
				CLANG_ANALYZER_NUMBER_OBJECT_CONVERSION = YES_AGGRESSIVE;
				CLANG_CXX_LANGUAGE_STANDARD = "gnu++14";
				CLANG_CXX_LIBRARY = "libc++";
				CLANG_ENABLE_MODULES = YES;
				CLANG_ENABLE_OBJC_ARC = YES;
				CLANG_ENABLE_OBJC_WEAK = YES;
				CLANG_WARN_BLOCK_CAPTURE_AUTORELEASING = YES;
				CLANG_WARN_BOOL_CONVERSION = YES;
				CLANG_WARN_COMMA = YES;
				CLANG_WARN_CONSTANT_CONVERSION = YES;
				CLANG_WARN_DEPRECATED_OBJC_IMPLEMENTATIONS = YES;
				CLANG_WARN_DIRECT_OBJC_ISA_USAGE = YES_ERROR;
				CLANG_WARN_DOCUMENTATION_COMMENTS = YES;
				CLANG_WARN_EMPTY_BODY = YES;
				CLANG_WARN_ENUM_CONVERSION = YES;
				CLANG_WARN_INFINITE_RECURSION = YES;
				CLANG_WARN_INT_CONVERSION = YES;
				CLANG_WARN_NON_LITERAL_NULL_CONVERSION = YES;
				CLANG_WARN_OBJC_IMPLICIT_RETAIN_SELF = YES;
				CLANG_WARN_OBJC_LITERAL_CONVERSION = YES;
				CLANG_WARN_OBJC_ROOT_CLASS = YES_ERROR;
				CLANG_WARN_RANGE_LOOP_ANALYSIS = YES;
				CLANG_WARN_STRICT_PROTOTYPES = YES;
				CLANG_WARN_SUSPICIOUS_MOVE = YES;
				CLANG_WARN_UNGUARDED_AVAILABILITY = YES_AGGRESSIVE;
				CLANG_WARN_UNREACHABLE_CODE = YES;
				CLANG_WARN__DUPLICATE_METHOD_MATCH = YES;
				CODE_SIGN_IDENTITY = "iPhone Developer";
				COPY_PHASE_STRIP = NO;
				DEBUG_INFORMATION_FORMAT = "dwarf-with-dsym";
				ENABLE_NS_ASSERTIONS = NO;
				ENABLE_STRICT_OBJC_MSGSEND = YES;
				GCC_C_LANGUAGE_STANDARD = gnu11;
				GCC_NO_COMMON_BLOCKS = YES;
				GCC_WARN_64_TO_32_BIT_CONVERSION = YES;
				GCC_WARN_ABOUT_RETURN_TYPE = YES_ERROR;
				GCC_WARN_UNDECLARED_SELECTOR = YES;
				GCC_WARN_UNINITIALIZED_AUTOS = YES_AGGRESSIVE;
				GCC_WARN_UNUSED_FUNCTION = YES;
				GCC_WARN_UNUSED_VARIABLE = YES;
				IPHONEOS_DEPLOYMENT_TARGET = 12.4;
				MTL_ENABLE_DEBUG_INFO = NO;
				MTL_FAST_MATH = YES;
				SDKROOT = iphoneos;
				SWIFT_COMPILATION_MODE = wholemodule;
				SWIFT_OPTIMIZATION_LEVEL = "-O";
				VALIDATE_PRODUCT = YES;
			};
			name = Release;
		};
		115093112375793F0077652D /* Debug */ = {
			isa = XCBuildConfiguration;
			buildSettings = {
				ASSETCATALOG_COMPILER_APPICON_NAME = AppIcon;
				CODE_SIGN_STYLE = Automatic;
				DEVELOPMENT_TEAM = 46NZ6QG8YF;
				INFOPLIST_FILE = TrelloMockup/Info.plist;
				LD_RUNPATH_SEARCH_PATHS = (
					"$(inherited)",
					"@executable_path/Frameworks",
				);
				PRODUCT_BUNDLE_IDENTIFIER = com.alexander.TrelloMockup;
				PRODUCT_NAME = "$(TARGET_NAME)";
				SWIFT_VERSION = 5.0;
				TARGETED_DEVICE_FAMILY = "1,2";
			};
			name = Debug;
		};
		115093122375793F0077652D /* Release */ = {
			isa = XCBuildConfiguration;
			buildSettings = {
				ASSETCATALOG_COMPILER_APPICON_NAME = AppIcon;
				CODE_SIGN_STYLE = Automatic;
				DEVELOPMENT_TEAM = 46NZ6QG8YF;
				INFOPLIST_FILE = TrelloMockup/Info.plist;
				LD_RUNPATH_SEARCH_PATHS = (
					"$(inherited)",
					"@executable_path/Frameworks",
				);
				PRODUCT_BUNDLE_IDENTIFIER = com.alexander.TrelloMockup;
				PRODUCT_NAME = "$(TARGET_NAME)";
				SWIFT_VERSION = 5.0;
				TARGETED_DEVICE_FAMILY = "1,2";
			};
			name = Release;
		};
/* End XCBuildConfiguration section */

/* Begin XCConfigurationList section */
		115092F92375793C0077652D /* Build configuration list for PBXProject "TrelloMockup" */ = {
			isa = XCConfigurationList;
			buildConfigurations = (
				1150930E2375793F0077652D /* Debug */,
				1150930F2375793F0077652D /* Release */,
			);
			defaultConfigurationIsVisible = 0;
			defaultConfigurationName = Release;
		};
		115093102375793F0077652D /* Build configuration list for PBXNativeTarget "TrelloMockup" */ = {
			isa = XCConfigurationList;
			buildConfigurations = (
				115093112375793F0077652D /* Debug */,
				115093122375793F0077652D /* Release */,
			);
			defaultConfigurationIsVisible = 0;
			defaultConfigurationName = Release;
		};
/* End XCConfigurationList section */
	};
	rootObject = 115092F62375793C0077652D /* Project object */;
}
